
Microsoft Visual Studio Solution File, Format Version 12.00
# Visual Studio Version 17
VisualStudioVersion = 17.8.34330.188
MinimumVisualStudioVersion = 10.0.40219.1
Project("{FAE04EC0-301F-11D3-BF4B-00C04F79EFBC}") = "konverter", "konverter\konverter.csproj", "{07790CD3-5C5E-49C0-8809-3D584724EBB0}"
EndProject
Global
	GlobalSection(SolutionConfigurationPlatforms) = preSolution
		Debug|Any CPU = Debug|Any CPU
		Release|Any CPU = Release|Any CPU
	EndGlobalSection
	GlobalSection(ProjectConfigurationPlatforms) = postSolution
		{07790CD3-5C5E-49C0-8809-3D584724EBB0}.Debug|Any CPU.ActiveCfg = Debug|Any CPU
		{07790CD3-5C5E-49C0-8809-3D584724EBB0}.Debug|Any CPU.Build.0 = Debug|Any CPU
		{07790CD3-5C5E-49C0-8809-3D584724EBB0}.Release|Any CPU.ActiveCfg = Release|Any CPU
		{07790CD3-5C5E-49C0-8809-3D584724EBB0}.Release|Any CPU.Build.0 = Release|Any CPU
	EndGlobalSection
	GlobalSection(SolutionProperties) = preSolution
		HideSolutionNode = FALSE
	EndGlobalSection
	GlobalSection(ExtensibilityGlobals) = postSolution
		SolutionGuid = {984DBC2B-DEE4-4A5E-A7D0-515371FB81F2}
	EndGlobalSection
EndGlobal
